// !$*UTF8*$!
{
	archiveVersion = 1;
	classes = {
	};
	objectVersion = 46;
	objects = {

/* Begin PBXBuildFile section */
		985744581CE63FC30006D852 /* AppDelegate.swift in Sources */ = {isa = PBXBuildFile; fileRef = 985744571CE63FC30006D852 /* AppDelegate.swift */; };
		9857445A1CE63FC30006D852 /* ViewController.swift in Sources */ = {isa = PBXBuildFile; fileRef = 985744591CE63FC30006D852 /* ViewController.swift */; };
		9857445D1CE63FC30006D852 /* Main.storyboard in Resources */ = {isa = PBXBuildFile; fileRef = 9857445B1CE63FC30006D852 /* Main.storyboard */; };
		985744601CE63FC30006D852 /* MemoryMatch.xcdatamodeld in Sources */ = {isa = PBXBuildFile; fileRef = 9857445E1CE63FC30006D852 /* MemoryMatch.xcdatamodeld */; };
		985744621CE63FC30006D852 /* Assets.xcassets in Resources */ = {isa = PBXBuildFile; fileRef = 985744611CE63FC30006D852 /* Assets.xcassets */; };
		985744651CE63FC30006D852 /* LaunchScreen.storyboard in Resources */ = {isa = PBXBuildFile; fileRef = 985744631CE63FC30006D852 /* LaunchScreen.storyboard */; };
		985744701CE63FC30006D852 /* MemoryMatchTests.swift in Sources */ = {isa = PBXBuildFile; fileRef = 9857446F1CE63FC30006D852 /* MemoryMatchTests.swift */; };
		9857447B1CE63FC30006D852 /* MemoryMatchUITests.swift in Sources */ = {isa = PBXBuildFile; fileRef = 9857447A1CE63FC30006D852 /* MemoryMatchUITests.swift */; };
		985744891CE64A780006D852 /* AnimalViewController.swift in Sources */ = {isa = PBXBuildFile; fileRef = 985744881CE64A780006D852 /* AnimalViewController.swift */; };
		988CBD971CE6DAFF0092ACFF /* Card.swift in Sources */ = {isa = PBXBuildFile; fileRef = 988CBD961CE6DAFF0092ACFF /* Card.swift */; };
		98E567701CE659850058B56B /* UIViewExtensions.swift in Sources */ = {isa = PBXBuildFile; fileRef = 98E5676F1CE659850058B56B /* UIViewExtensions.swift */; };
		BE850C0ACD5F4FC05E3EAFD3 /* Pods_MemoryMatch.framework in Frameworks */ = {isa = PBXBuildFile; fileRef = 5B905207591951E631375EE6 /* Pods_MemoryMatch.framework */; };
/* End PBXBuildFile section */

/* Begin PBXContainerItemProxy section */
		9857446C1CE63FC30006D852 /* PBXContainerItemProxy */ = {
			isa = PBXContainerItemProxy;
			containerPortal = 9857444C1CE63FC20006D852 /* Project object */;
			proxyType = 1;
			remoteGlobalIDString = 985744531CE63FC20006D852;
			remoteInfo = MemoryMatch;
		};
		985744771CE63FC30006D852 /* PBXContainerItemProxy */ = {
			isa = PBXContainerItemProxy;
			containerPortal = 9857444C1CE63FC20006D852 /* Project object */;
			proxyType = 1;
			remoteGlobalIDString = 985744531CE63FC20006D852;
			remoteInfo = MemoryMatch;
		};
/* End PBXContainerItemProxy section */

/* Begin PBXFileReference section */
		5B905207591951E631375EE6 /* Pods_MemoryMatch.framework */ = {isa = PBXFileReference; explicitFileType = wrapper.framework; includeInIndex = 0; path = Pods_MemoryMatch.framework; sourceTree = BUILT_PRODUCTS_DIR; };
		7352CEE645D55CC7AD5F6B2F /* Pods-MemoryMatch.release.xcconfig */ = {isa = PBXFileReference; includeInIndex = 1; lastKnownFileType = text.xcconfig; name = "Pods-MemoryMatch.release.xcconfig"; path = "Pods/Target Support Files/Pods-MemoryMatch/Pods-MemoryMatch.release.xcconfig"; sourceTree = "<group>"; };
		985744541CE63FC20006D852 /* MemoryMatch.app */ = {isa = PBXFileReference; explicitFileType = wrapper.application; includeInIndex = 0; path = MemoryMatch.app; sourceTree = BUILT_PRODUCTS_DIR; };
		985744571CE63FC30006D852 /* AppDelegate.swift */ = {isa = PBXFileReference; lastKnownFileType = sourcecode.swift; path = AppDelegate.swift; sourceTree = "<group>"; };
		985744591CE63FC30006D852 /* ViewController.swift */ = {isa = PBXFileReference; lastKnownFileType = sourcecode.swift; path = ViewController.swift; sourceTree = "<group>"; };
		9857445C1CE63FC30006D852 /* Base */ = {isa = PBXFileReference; lastKnownFileType = file.storyboard; name = Base; path = Base.lproj/Main.storyboard; sourceTree = "<group>"; };
		9857445F1CE63FC30006D852 /* MemoryMatch.xcdatamodel */ = {isa = PBXFileReference; lastKnownFileType = wrapper.xcdatamodel; path = MemoryMatch.xcdatamodel; sourceTree = "<group>"; };
		985744611CE63FC30006D852 /* Assets.xcassets */ = {isa = PBXFileReference; lastKnownFileType = folder.assetcatalog; path = Assets.xcassets; sourceTree = "<group>"; };
		985744641CE63FC30006D852 /* Base */ = {isa = PBXFileReference; lastKnownFileType = file.storyboard; name = Base; path = Base.lproj/LaunchScreen.storyboard; sourceTree = "<group>"; };
		985744661CE63FC30006D852 /* Info.plist */ = {isa = PBXFileReference; lastKnownFileType = text.plist.xml; path = Info.plist; sourceTree = "<group>"; };
		9857446B1CE63FC30006D852 /* MemoryMatchTests.xctest */ = {isa = PBXFileReference; explicitFileType = wrapper.cfbundle; includeInIndex = 0; path = MemoryMatchTests.xctest; sourceTree = BUILT_PRODUCTS_DIR; };
		9857446F1CE63FC30006D852 /* MemoryMatchTests.swift */ = {isa = PBXFileReference; lastKnownFileType = sourcecode.swift; path = MemoryMatchTests.swift; sourceTree = "<group>"; };
		985744711CE63FC30006D852 /* Info.plist */ = {isa = PBXFileReference; lastKnownFileType = text.plist.xml; path = Info.plist; sourceTree = "<group>"; };
		985744761CE63FC30006D852 /* MemoryMatchUITests.xctest */ = {isa = PBXFileReference; explicitFileType = wrapper.cfbundle; includeInIndex = 0; path = MemoryMatchUITests.xctest; sourceTree = BUILT_PRODUCTS_DIR; };
		9857447A1CE63FC30006D852 /* MemoryMatchUITests.swift */ = {isa = PBXFileReference; lastKnownFileType = sourcecode.swift; path = MemoryMatchUITests.swift; sourceTree = "<group>"; };
		9857447C1CE63FC30006D852 /* Info.plist */ = {isa = PBXFileReference; lastKnownFileType = text.plist.xml; path = Info.plist; sourceTree = "<group>"; };
		985744881CE64A780006D852 /* AnimalViewController.swift */ = {isa = PBXFileReference; fileEncoding = 4; lastKnownFileType = sourcecode.swift; path = AnimalViewController.swift; sourceTree = "<group>"; };
		988CBD961CE6DAFF0092ACFF /* Card.swift */ = {isa = PBXFileReference; fileEncoding = 4; lastKnownFileType = sourcecode.swift; path = Card.swift; sourceTree = "<group>"; };
		98E5676F1CE659850058B56B /* UIViewExtensions.swift */ = {isa = PBXFileReference; fileEncoding = 4; lastKnownFileType = sourcecode.swift; path = UIViewExtensions.swift; sourceTree = "<group>"; };
		CD9AD4F1D24E5BE7CC921A0E /* Pods-MemoryMatch.debug.xcconfig */ = {isa = PBXFileReference; includeInIndex = 1; lastKnownFileType = text.xcconfig; name = "Pods-MemoryMatch.debug.xcconfig"; path = "Pods/Target Support Files/Pods-MemoryMatch/Pods-MemoryMatch.debug.xcconfig"; sourceTree = "<group>"; };
/* End PBXFileReference section */

/* Begin PBXFrameworksBuildPhase section */
		985744511CE63FC20006D852 /* Frameworks */ = {
			isa = PBXFrameworksBuildPhase;
			buildActionMask = 2147483647;
			files = (
				BE850C0ACD5F4FC05E3EAFD3 /* Pods_MemoryMatch.framework in Frameworks */,
			);
			runOnlyForDeploymentPostprocessing = 0;
		};
		985744681CE63FC30006D852 /* Frameworks */ = {
			isa = PBXFrameworksBuildPhase;
			buildActionMask = 2147483647;
			files = (
			);
			runOnlyForDeploymentPostprocessing = 0;
		};
		985744731CE63FC30006D852 /* Frameworks */ = {
			isa = PBXFrameworksBuildPhase;
			buildActionMask = 2147483647;
			files = (
			);
			runOnlyForDeploymentPostprocessing = 0;
		};
/* End PBXFrameworksBuildPhase section */

/* Begin PBXGroup section */
		32F689F30818F3DD86BBF143 /* Pods */ = {
			isa = PBXGroup;
			children = (
				CD9AD4F1D24E5BE7CC921A0E /* Pods-MemoryMatch.debug.xcconfig */,
				7352CEE645D55CC7AD5F6B2F /* Pods-MemoryMatch.release.xcconfig */,
			);
			name = Pods;
			sourceTree = "<group>";
		};
		9857444B1CE63FC20006D852 = {
			isa = PBXGroup;
			children = (
				985744561CE63FC30006D852 /* MemoryMatch */,
				9857446E1CE63FC30006D852 /* MemoryMatchTests */,
				985744791CE63FC30006D852 /* MemoryMatchUITests */,
				985744551CE63FC20006D852 /* Products */,
				32F689F30818F3DD86BBF143 /* Pods */,
				B318C20A34B1BC244351D8C2 /* Frameworks */,
			);
			sourceTree = "<group>";
		};
		985744551CE63FC20006D852 /* Products */ = {
			isa = PBXGroup;
			children = (
				985744541CE63FC20006D852 /* MemoryMatch.app */,
				9857446B1CE63FC30006D852 /* MemoryMatchTests.xctest */,
				985744761CE63FC30006D852 /* MemoryMatchUITests.xctest */,
			);
			name = Products;
			sourceTree = "<group>";
		};
		985744561CE63FC30006D852 /* MemoryMatch */ = {
			isa = PBXGroup;
			children = (
				985744571CE63FC30006D852 /* AppDelegate.swift */,
				985744591CE63FC30006D852 /* ViewController.swift */,
				985744881CE64A780006D852 /* AnimalViewController.swift */,
				988CBD961CE6DAFF0092ACFF /* Card.swift */,
				98E5676F1CE659850058B56B /* UIViewExtensions.swift */,
				9857445B1CE63FC30006D852 /* Main.storyboard */,
				985744611CE63FC30006D852 /* Assets.xcassets */,
				985744631CE63FC30006D852 /* LaunchScreen.storyboard */,
				985744661CE63FC30006D852 /* Info.plist */,
				9857445E1CE63FC30006D852 /* MemoryMatch.xcdatamodeld */,
			);
			path = MemoryMatch;
			sourceTree = "<group>";
		};
		9857446E1CE63FC30006D852 /* MemoryMatchTests */ = {
			isa = PBXGroup;
			children = (
				9857446F1CE63FC30006D852 /* MemoryMatchTests.swift */,
				985744711CE63FC30006D852 /* Info.plist */,
			);
			path = MemoryMatchTests;
			sourceTree = "<group>";
		};
		985744791CE63FC30006D852 /* MemoryMatchUITests */ = {
			isa = PBXGroup;
			children = (
				9857447A1CE63FC30006D852 /* MemoryMatchUITests.swift */,
				9857447C1CE63FC30006D852 /* Info.plist */,
			);
			path = MemoryMatchUITests;
			sourceTree = "<group>";
		};
		B318C20A34B1BC244351D8C2 /* Frameworks */ = {
			isa = PBXGroup;
			children = (
				5B905207591951E631375EE6 /* Pods_MemoryMatch.framework */,
			);
			name = Frameworks;
			sourceTree = "<group>";
		};
/* End PBXGroup section */

/* Begin PBXNativeTarget section */
		985744531CE63FC20006D852 /* MemoryMatch */ = {
			isa = PBXNativeTarget;
			buildConfigurationList = 9857447F1CE63FC30006D852 /* Build configuration list for PBXNativeTarget "MemoryMatch" */;
			buildPhases = (
				69E6F2A909BF89F995283E6D /* Check Pods Manifest.lock */,
				985744501CE63FC20006D852 /* Sources */,
				985744511CE63FC20006D852 /* Frameworks */,
				985744521CE63FC20006D852 /* Resources */,
				FC9189558A68D6DE963522F4 /* Embed Pods Frameworks */,
				B60EF9BF5BBAA3C4E85A165D /* Copy Pods Resources */,
			);
			buildRules = (
			);
			dependencies = (
			);
			name = MemoryMatch;
			productName = MemoryMatch;
			productReference = 985744541CE63FC20006D852 /* MemoryMatch.app */;
			productType = "com.apple.product-type.application";
		};
		9857446A1CE63FC30006D852 /* MemoryMatchTests */ = {
			isa = PBXNativeTarget;
			buildConfigurationList = 985744821CE63FC30006D852 /* Build configuration list for PBXNativeTarget "MemoryMatchTests" */;
			buildPhases = (
				985744671CE63FC30006D852 /* Sources */,
				985744681CE63FC30006D852 /* Frameworks */,
				985744691CE63FC30006D852 /* Resources */,
			);
			buildRules = (
			);
			dependencies = (
				9857446D1CE63FC30006D852 /* PBXTargetDependency */,
			);
			name = MemoryMatchTests;
			productName = MemoryMatchTests;
			productReference = 9857446B1CE63FC30006D852 /* MemoryMatchTests.xctest */;
			productType = "com.apple.product-type.bundle.unit-test";
		};
		985744751CE63FC30006D852 /* MemoryMatchUITests */ = {
			isa = PBXNativeTarget;
			buildConfigurationList = 985744851CE63FC30006D852 /* Build configuration list for PBXNativeTarget "MemoryMatchUITests" */;
			buildPhases = (
				985744721CE63FC30006D852 /* Sources */,
				985744731CE63FC30006D852 /* Frameworks */,
				985744741CE63FC30006D852 /* Resources */,
			);
			buildRules = (
			);
			dependencies = (
				985744781CE63FC30006D852 /* PBXTargetDependency */,
			);
			name = MemoryMatchUITests;
			productName = MemoryMatchUITests;
			productReference = 985744761CE63FC30006D852 /* MemoryMatchUITests.xctest */;
			productType = "com.apple.product-type.bundle.ui-testing";
		};
/* End PBXNativeTarget section */

/* Begin PBXProject section */
		9857444C1CE63FC20006D852 /* Project object */ = {
			isa = PBXProject;
			attributes = {
				LastSwiftUpdateCheck = 0730;
				LastUpgradeCheck = 0730;
				ORGANIZATIONNAME = "Lucas Huet-Hudson";
				TargetAttributes = {
					985744531CE63FC20006D852 = {
						CreatedOnToolsVersion = 7.3;
						DevelopmentTeam = VPVYL4N4QR;
					};
					9857446A1CE63FC30006D852 = {
						CreatedOnToolsVersion = 7.3;
						DevelopmentTeam = VPVYL4N4QR;
						TestTargetID = 985744531CE63FC20006D852;
					};
					985744751CE63FC30006D852 = {
						CreatedOnToolsVersion = 7.3;
						DevelopmentTeam = VPVYL4N4QR;
						TestTargetID = 985744531CE63FC20006D852;
					};
				};
			};
			buildConfigurationList = 9857444F1CE63FC20006D852 /* Build configuration list for PBXProject "MemoryMatch" */;
			compatibilityVersion = "Xcode 3.2";
			developmentRegion = English;
			hasScannedForEncodings = 0;
			knownRegions = (
				en,
				Base,
			);
			mainGroup = 9857444B1CE63FC20006D852;
			productRefGroup = 985744551CE63FC20006D852 /* Products */;
			projectDirPath = "";
			projectRoot = "";
			targets = (
				985744531CE63FC20006D852 /* MemoryMatch */,
				9857446A1CE63FC30006D852 /* MemoryMatchTests */,
				985744751CE63FC30006D852 /* MemoryMatchUITests */,
			);
		};
/* End PBXProject section */

/* Begin PBXResourcesBuildPhase section */
		985744521CE63FC20006D852 /* Resources */ = {
			isa = PBXResourcesBuildPhase;
			buildActionMask = 2147483647;
			files = (
				985744651CE63FC30006D852 /* LaunchScreen.storyboard in Resources */,
				985744621CE63FC30006D852 /* Assets.xcassets in Resources */,
				9857445D1CE63FC30006D852 /* Main.storyboard in Resources */,
			);
			runOnlyForDeploymentPostprocessing = 0;
		};
		985744691CE63FC30006D852 /* Resources */ = {
			isa = PBXResourcesBuildPhase;
			buildActionMask = 2147483647;
			files = (
			);
			runOnlyForDeploymentPostprocessing = 0;
		};
		985744741CE63FC30006D852 /* Resources */ = {
			isa = PBXResourcesBuildPhase;
			buildActionMask = 2147483647;
			files = (
			);
			runOnlyForDeploymentPostprocessing = 0;
		};
/* End PBXResourcesBuildPhase section */

/* Begin PBXShellScriptBuildPhase section */
		69E6F2A909BF89F995283E6D /* Check Pods Manifest.lock */ = {
			isa = PBXShellScriptBuildPhase;
			buildActionMask = 2147483647;
			files = (
			);
			inputPaths = (
			);
			name = "Check Pods Manifest.lock";
			outputPaths = (
			);
			runOnlyForDeploymentPostprocessing = 0;
			shellPath = /bin/sh;
			shellScript = "diff \"${PODS_ROOT}/../Podfile.lock\" \"${PODS_ROOT}/Manifest.lock\" > /dev/null\nif [[ $? != 0 ]] ; then\n    cat << EOM\nerror: The sandbox is not in sync with the Podfile.lock. Run 'pod install' or update your CocoaPods installation.\nEOM\n    exit 1\nfi\n";
			showEnvVarsInLog = 0;
		};
		B60EF9BF5BBAA3C4E85A165D /* Copy Pods Resources */ = {
			isa = PBXShellScriptBuildPhase;
			buildActionMask = 2147483647;
			files = (
			);
			inputPaths = (
			);
			name = "Copy Pods Resources";
			outputPaths = (
			);
			runOnlyForDeploymentPostprocessing = 0;
			shellPath = /bin/sh;
			shellScript = "\"${SRCROOT}/Pods/Target Support Files/Pods-MemoryMatch/Pods-MemoryMatch-resources.sh\"\n";
			showEnvVarsInLog = 0;
		};
		FC9189558A68D6DE963522F4 /* Embed Pods Frameworks */ = {
			isa = PBXShellScriptBuildPhase;
			buildActionMask = 2147483647;
			files = (
			);
			inputPaths = (
			);
			name = "Embed Pods Frameworks";
			outputPaths = (
			);
			runOnlyForDeploymentPostprocessing = 0;
			shellPath = /bin/sh;
			shellScript = "\"${SRCROOT}/Pods/Target Support Files/Pods-MemoryMatch/Pods-MemoryMatch-frameworks.sh\"\n";
			showEnvVarsInLog = 0;
		};
/* End PBXShellScriptBuildPhase section */

/* Begin PBXSourcesBuildPhase section */
		985744501CE63FC20006D852 /* Sources */ = {
			isa = PBXSourcesBuildPhase;
			buildActionMask = 2147483647;
			files = (
				985744601CE63FC30006D852 /* MemoryMatch.xcdatamodeld in Sources */,
				988CBD971CE6DAFF0092ACFF /* Card.swift in Sources */,
				98E567701CE659850058B56B /* UIViewExtensions.swift in Sources */,
				985744891CE64A780006D852 /* AnimalViewController.swift in Sources */,
				9857445A1CE63FC30006D852 /* ViewController.swift in Sources */,
				985744581CE63FC30006D852 /* AppDelegate.swift in Sources */,
			);
			runOnlyForDeploymentPostprocessing = 0;
		};
		985744671CE63FC30006D852 /* Sources */ = {
			isa = PBXSourcesBuildPhase;
			buildActionMask = 2147483647;
			files = (
				985744701CE63FC30006D852 /* MemoryMatchTests.swift in Sources */,
			);
			runOnlyForDeploymentPostprocessing = 0;
		};
		985744721CE63FC30006D852 /* Sources */ = {
			isa = PBXSourcesBuildPhase;
			buildActionMask = 2147483647;
			files = (
				9857447B1CE63FC30006D852 /* MemoryMatchUITests.swift in Sources */,
			);
			runOnlyForDeploymentPostprocessing = 0;
		};
/* End PBXSourcesBuildPhase section */

/* Begin PBXTargetDependency section */
		9857446D1CE63FC30006D852 /* PBXTargetDependency */ = {
			isa = PBXTargetDependency;
			target = 985744531CE63FC20006D852 /* MemoryMatch */;
			targetProxy = 9857446C1CE63FC30006D852 /* PBXContainerItemProxy */;
		};
		985744781CE63FC30006D852 /* PBXTargetDependency */ = {
			isa = PBXTargetDependency;
			target = 985744531CE63FC20006D852 /* MemoryMatch */;
			targetProxy = 985744771CE63FC30006D852 /* PBXContainerItemProxy */;
		};
/* End PBXTargetDependency section */

/* Begin PBXVariantGroup section */
		9857445B1CE63FC30006D852 /* Main.storyboard */ = {
			isa = PBXVariantGroup;
			children = (
				9857445C1CE63FC30006D852 /* Base */,
			);
			name = Main.storyboard;
			sourceTree = "<group>";
		};
		985744631CE63FC30006D852 /* LaunchScreen.storyboard */ = {
			isa = PBXVariantGroup;
			children = (
				985744641CE63FC30006D852 /* Base */,
			);
			name = LaunchScreen.storyboard;
			sourceTree = "<group>";
		};
/* End PBXVariantGroup section */

/* Begin XCBuildConfiguration section */
		9857447D1CE63FC30006D852 /* Debug */ = {
			isa = XCBuildConfiguration;
			buildSettings = {
				ALWAYS_SEARCH_USER_PATHS = NO;
				CLANG_ANALYZER_NONNULL = YES;
				CLANG_CXX_LANGUAGE_STANDARD = "gnu++0x";
				CLANG_CXX_LIBRARY = "libc++";
				CLANG_ENABLE_MODULES = YES;
				CLANG_ENABLE_OBJC_ARC = YES;
				CLANG_WARN_BOOL_CONVERSION = YES;
				CLANG_WARN_CONSTANT_CONVERSION = YES;
				CLANG_WARN_DIRECT_OBJC_ISA_USAGE = YES_ERROR;
				CLANG_WARN_EMPTY_BODY = YES;
				CLANG_WARN_ENUM_CONVERSION = YES;
				CLANG_WARN_INT_CONVERSION = YES;
				CLANG_WARN_OBJC_ROOT_CLASS = YES_ERROR;
				CLANG_WARN_UNREACHABLE_CODE = YES;
				CLANG_WARN__DUPLICATE_METHOD_MATCH = YES;
				"CODE_SIGN_IDENTITY[sdk=iphoneos*]" = "iPhone Developer";
				COPY_PHASE_STRIP = NO;
				DEBUG_INFORMATION_FORMAT = dwarf;
				ENABLE_STRICT_OBJC_MSGSEND = YES;
				ENABLE_TESTABILITY = YES;
				GCC_C_LANGUAGE_STANDARD = gnu99;
				GCC_DYNAMIC_NO_PIC = NO;
				GCC_NO_COMMON_BLOCKS = YES;
				GCC_OPTIMIZATION_LEVEL = 0;
				GCC_PREPROCESSOR_DEFINITIONS = (
					"DEBUG=1",
					"$(inherited)",
				);
				GCC_WARN_64_TO_32_BIT_CONVERSION = YES;
				GCC_WARN_ABOUT_RETURN_TYPE = YES_ERROR;
				GCC_WARN_UNDECLARED_SELECTOR = YES;
				GCC_WARN_UNINITIALIZED_AUTOS = YES_AGGRESSIVE;
				GCC_WARN_UNUSED_FUNCTION = YES;
				GCC_WARN_UNUSED_VARIABLE = YES;
				IPHONEOS_DEPLOYMENT_TARGET = 9.3;
				MTL_ENABLE_DEBUG_INFO = YES;
				ONLY_ACTIVE_ARCH = YES;
				SDKROOT = iphoneos;
				SWIFT_OPTIMIZATION_LEVEL = "-Onone";
				TARGETED_DEVICE_FAMILY = "1,2";
			};
			name = Debug;
		};
		9857447E1CE63FC30006D852 /* Release */ = {
			isa = XCBuildConfiguration;
			buildSettings = {
				ALWAYS_SEARCH_USER_PATHS = NO;
				CLANG_ANALYZER_NONNULL = YES;
				CLANG_CXX_LANGUAGE_STANDARD = "gnu++0x";
				CLANG_CXX_LIBRARY = "libc++";
				CLANG_ENABLE_MODULES = YES;
				CLANG_ENABLE_OBJC_ARC = YES;
				CLANG_WARN_BOOL_CONVERSION = YES;
				CLANG_WARN_CONSTANT_CONVERSION = YES;
				CLANG_WARN_DIRECT_OBJC_ISA_USAGE = YES_ERROR;
				CLANG_WARN_EMPTY_BODY = YES;
				CLANG_WARN_ENUM_CONVERSION = YES;
				CLANG_WARN_INT_CONVERSION = YES;
				CLANG_WARN_OBJC_ROOT_CLASS = YES_ERROR;
				CLANG_WARN_UNREACHABLE_CODE = YES;
				CLANG_WARN__DUPLICATE_METHOD_MATCH = YES;
				"CODE_SIGN_IDENTITY[sdk=iphoneos*]" = "iPhone Developer";
				COPY_PHASE_STRIP = NO;
				DEBUG_INFORMATION_FORMAT = "dwarf-with-dsym";
				ENABLE_NS_ASSERTIONS = NO;
				ENABLE_STRICT_OBJC_MSGSEND = YES;
				GCC_C_LANGUAGE_STANDARD = gnu99;
				GCC_NO_COMMON_BLOCKS = YES;
				GCC_WARN_64_TO_32_BIT_CONVERSION = YES;
				GCC_WARN_ABOUT_RETURN_TYPE = YES_ERROR;
				GCC_WARN_UNDECLARED_SELECTOR = YES;
				GCC_WARN_UNINITIALIZED_AUTOS = YES_AGGRESSIVE;
				GCC_WARN_UNUSED_FUNCTION = YES;
				GCC_WARN_UNUSED_VARIABLE = YES;
				IPHONEOS_DEPLOYMENT_TARGET = 9.3;
				MTL_ENABLE_DEBUG_INFO = NO;
				SDKROOT = iphoneos;
				TARGETED_DEVICE_FAMILY = "1,2";
				VALIDATE_PRODUCT = YES;
			};
			name = Release;
		};
		985744801CE63FC30006D852 /* Debug */ = {
			isa = XCBuildConfiguration;
			baseConfigurationReference = CD9AD4F1D24E5BE7CC921A0E /* Pods-MemoryMatch.debug.xcconfig */;
			buildSettings = {
				ASSETCATALOG_COMPILER_APPICON_NAME = AppIcon;
				INFOPLIST_FILE = MemoryMatch/Info.plist;
				LD_RUNPATH_SEARCH_PATHS = "$(inherited) @executable_path/Frameworks";
				PRODUCT_BUNDLE_IDENTIFIER = Me.MemoryMatch;
				PRODUCT_NAME = "$(TARGET_NAME)";
			};
			name = Debug;
		};
		985744811CE63FC30006D852 /* Release */ = {
			isa = XCBuildConfiguration;
			baseConfigurationReference = 7352CEE645D55CC7AD5F6B2F /* Pods-MemoryMatch.release.xcconfig */;
			buildSettings = {
				ASSETCATALOG_COMPILER_APPICON_NAME = AppIcon;
				INFOPLIST_FILE = MemoryMatch/Info.plist;
				LD_RUNPATH_SEARCH_PATHS = "$(inherited) @executable_path/Frameworks";
				PRODUCT_BUNDLE_IDENTIFIER = Me.MemoryMatch;
				PRODUCT_NAME = "$(TARGET_NAME)";
			};
			name = Release;
		};
		985744831CE63FC30006D852 /* Debug */ = {
			isa = XCBuildConfiguration;
			buildSettings = {
				BUNDLE_LOADER = "$(TEST_HOST)";
				INFOPLIST_FILE = MemoryMatchTests/Info.plist;
				LD_RUNPATH_SEARCH_PATHS = "$(inherited) @executable_path/Frameworks @loader_path/Frameworks";
				PRODUCT_BUNDLE_IDENTIFIER = Me.MemoryMatchTests;
				PRODUCT_NAME = "$(TARGET_NAME)";
				TEST_HOST = "$(BUILT_PRODUCTS_DIR)/MemoryMatch.app/MemoryMatch";
			};
			name = Debug;
		};
		985744841CE63FC30006D852 /* Release */ = {
			isa = XCBuildConfiguration;
			buildSettings = {
				BUNDLE_LOADER = "$(TEST_HOST)";
				INFOPLIST_FILE = MemoryMatchTests/Info.plist;
				LD_RUNPATH_SEARCH_PATHS = "$(inherited) @executable_path/Frameworks @loader_path/Frameworks";
				PRODUCT_BUNDLE_IDENTIFIER = Me.MemoryMatchTests;
				PRODUCT_NAME = "$(TARGET_NAME)";
				TEST_HOST = "$(BUILT_PRODUCTS_DIR)/MemoryMatch.app/MemoryMatch";
			};
			name = Release;
		};
		985744861CE63FC30006D852 /* Debug */ = {
			isa = XCBuildConfiguration;
			buildSettings = {
				INFOPLIST_FILE = MemoryMatchUITests/Info.plist;
				LD_RUNPATH_SEARCH_PATHS = "$(inherited) @executable_path/Frameworks @loader_path/Frameworks";
				PRODUCT_BUNDLE_IDENTIFIER = Me.MemoryMatchUITests;
				PRODUCT_NAME = "$(TARGET_NAME)";
				TEST_TARGET_NAME = MemoryMatch;
			};
			name = Debug;
		};
		985744871CE63FC30006D852 /* Release */ = {
			isa = XCBuildConfiguration;
			buildSettings = {
				INFOPLIST_FILE = MemoryMatchUITests/Info.plist;
				LD_RUNPATH_SEARCH_PATHS = "$(inherited) @executable_path/Frameworks @loader_path/Frameworks";
				PRODUCT_BUNDLE_IDENTIFIER = Me.MemoryMatchUITests;
				PRODUCT_NAME = "$(TARGET_NAME)";
				TEST_TARGET_NAME = MemoryMatch;
			};
			name = Release;
		};
/* End XCBuildConfiguration section */

/* Begin XCConfigurationList section */
		9857444F1CE63FC20006D852 /* Build configuration list for PBXProject "MemoryMatch" */ = {
			isa = XCConfigurationList;
			buildConfigurations = (
				9857447D1CE63FC30006D852 /* Debug */,
				9857447E1CE63FC30006D852 /* Release */,
			);
			defaultConfigurationIsVisible = 0;
			defaultConfigurationName = Release;
		};
		9857447F1CE63FC30006D852 /* Build configuration list for PBXNativeTarget "MemoryMatch" */ = {
			isa = XCConfigurationList;
			buildConfigurations = (
				985744801CE63FC30006D852 /* Debug */,
				985744811CE63FC30006D852 /* Release */,
			);
			defaultConfigurationIsVisible = 0;
			defaultConfigurationName = Release;
		};
		985744821CE63FC30006D852 /* Build configuration list for PBXNativeTarget "MemoryMatchTests" */ = {
			isa = XCConfigurationList;
			buildConfigurations = (
				985744831CE63FC30006D852 /* Debug */,
				985744841CE63FC30006D852 /* Release */,
			);
			defaultConfigurationIsVisible = 0;
			defaultConfigurationName = Release;
		};
		985744851CE63FC30006D852 /* Build configuration list for PBXNativeTarget "MemoryMatchUITests" */ = {
			isa = XCConfigurationList;
			buildConfigurations = (
				985744861CE63FC30006D852 /* Debug */,
				985744871CE63FC30006D852 /* Release */,
			);
			defaultConfigurationIsVisible = 0;
			defaultConfigurationName = Release;
		};
/* End XCConfigurationList section */

/* Begin XCVersionGroup section */
		9857445E1CE63FC30006D852 /* MemoryMatch.xcdatamodeld */ = {
			isa = XCVersionGroup;
			children = (
				9857445F1CE63FC30006D852 /* MemoryMatch.xcdatamodel */,
			);
			currentVersion = 9857445F1CE63FC30006D852 /* MemoryMatch.xcdatamodel */;
			path = MemoryMatch.xcdatamodeld;
			sourceTree = "<group>";
			versionGroupType = wrapper.xcdatamodel;
		};
/* End XCVersionGroup section */
	};
	rootObject = 9857444C1CE63FC20006D852 /* Project object */;
}
