// !$*UTF8*$!
{
	archiveVersion = 1;
	classes = {
	};
	objectVersion = 46;
	objects = {

/* Begin PBXBuildFile section */
		0B5D58FEC9A45AAD7F619FDF /* Pods_MemoryMatchUITests.framework in Frameworks */ = {isa = PBXBuildFile; fileRef = 18DE14909225D1435DBECFB8 /* Pods_MemoryMatchUITests.framework */; };
		38E28D68913AB482DE5B82F9 /* Pods_MemoryMatch.framework in Frameworks */ = {isa = PBXBuildFile; fileRef = 908095662EC2667FF9F6F6AA /* Pods_MemoryMatch.framework */; };
		5AFE881456024F659F6650E8 /* Pods_MemoryMatchTests.framework in Frameworks */ = {isa = PBXBuildFile; fileRef = 7F290DB8EA97B990E94A49CF /* Pods_MemoryMatchTests.framework */; };
		985744581CE63FC30006D852 /* AppDelegate.swift in Sources */ = {isa = PBXBuildFile; fileRef = 985744571CE63FC30006D852 /* AppDelegate.swift */; };
		9857445A1CE63FC30006D852 /* ViewController.swift in Sources */ = {isa = PBXBuildFile; fileRef = 985744591CE63FC30006D852 /* ViewController.swift */; };
		9857445D1CE63FC30006D852 /* Main.storyboard in Resources */ = {isa = PBXBuildFile; fileRef = 9857445B1CE63FC30006D852 /* Main.storyboard */; };
		985744601CE63FC30006D852 /* MemoryMatch.xcdatamodeld in Sources */ = {isa = PBXBuildFile; fileRef = 9857445E1CE63FC30006D852 /* MemoryMatch.xcdatamodeld */; };
		985744621CE63FC30006D852 /* Assets.xcassets in Resources */ = {isa = PBXBuildFile; fileRef = 985744611CE63FC30006D852 /* Assets.xcassets */; };
		985744651CE63FC30006D852 /* LaunchScreen.storyboard in Resources */ = {isa = PBXBuildFile; fileRef = 985744631CE63FC30006D852 /* LaunchScreen.storyboard */; };
		985744701CE63FC30006D852 /* MemoryMatchTests.swift in Sources */ = {isa = PBXBuildFile; fileRef = 9857446F1CE63FC30006D852 /* MemoryMatchTests.swift */; };
		9857447B1CE63FC30006D852 /* MemoryMatchUITests.swift in Sources */ = {isa = PBXBuildFile; fileRef = 9857447A1CE63FC30006D852 /* MemoryMatchUITests.swift */; };
		985744891CE64A780006D852 /* AnimalViewController.swift in Sources */ = {isa = PBXBuildFile; fileRef = 985744881CE64A780006D852 /* AnimalViewController.swift */; };
		988CBD971CE6DAFF0092ACFF /* Card.swift in Sources */ = {isa = PBXBuildFile; fileRef = 988CBD961CE6DAFF0092ACFF /* Card.swift */; };
		98E567701CE659850058B56B /* UIViewExtensions.swift in Sources */ = {isa = PBXBuildFile; fileRef = 98E5676F1CE659850058B56B /* UIViewExtensions.swift */; };
		D8AD0E161CEAB3D900E7CADF /* FoodViewController.swift in Sources */ = {isa = PBXBuildFile; fileRef = D8AD0E151CEAB3D900E7CADF /* FoodViewController.swift */; };
		D8AD0E181CED072900E7CADF /* Alert.swift in Sources */ = {isa = PBXBuildFile; fileRef = D8AD0E171CED072900E7CADF /* Alert.swift */; };
		D8AD0E1C1CED2DCF00E7CADF /* SeaViewController.swift in Sources */ = {isa = PBXBuildFile; fileRef = D8AD0E1B1CED2DCF00E7CADF /* SeaViewController.swift */; };
		D8AD0E1E1CED2E9900E7CADF /* ChristmasViewController.swift in Sources */ = {isa = PBXBuildFile; fileRef = D8AD0E1D1CED2E9900E7CADF /* ChristmasViewController.swift */; };
		D8FAC4C81CEE331900007171 /* Pacifico.ttf in Resources */ = {isa = PBXBuildFile; fileRef = D8AD0E201CED6EC400E7CADF /* Pacifico.ttf */; };
		D8FAC4CA1CEE338200007171 /* Comic_White_Rabbit_.otf in Resources */ = {isa = PBXBuildFile; fileRef = D8FAC4C91CEE338200007171 /* Comic_White_Rabbit_.otf */; };
/* End PBXBuildFile section */

/* Begin PBXContainerItemProxy section */
		9857446C1CE63FC30006D852 /* PBXContainerItemProxy */ = {
			isa = PBXContainerItemProxy;
			containerPortal = 9857444C1CE63FC20006D852 /* Project object */;
			proxyType = 1;
			remoteGlobalIDString = 985744531CE63FC20006D852;
			remoteInfo = MemoryMatch;
		};
		985744771CE63FC30006D852 /* PBXContainerItemProxy */ = {
			isa = PBXContainerItemProxy;
			containerPortal = 9857444C1CE63FC20006D852 /* Project object */;
			proxyType = 1;
			remoteGlobalIDString = 985744531CE63FC20006D852;
			remoteInfo = MemoryMatch;
		};
/* End PBXContainerItemProxy section */

/* Begin PBXFileReference section */
		0DE3784B884230F97B1459F1 /* Pods-MemoryMatchUITests.debug.xcconfig */ = {isa = PBXFileReference; includeInIndex = 1; lastKnownFileType = text.xcconfig; name = "Pods-MemoryMatchUITests.debug.xcconfig"; path = "Pods/Target Support Files/Pods-MemoryMatchUITests/Pods-MemoryMatchUITests.debug.xcconfig"; sourceTree = "<group>"; };
		18DE14909225D1435DBECFB8 /* Pods_MemoryMatchUITests.framework */ = {isa = PBXFileReference; explicitFileType = wrapper.framework; includeInIndex = 0; path = Pods_MemoryMatchUITests.framework; sourceTree = BUILT_PRODUCTS_DIR; };
		59168EEF5B076BBC9FB89C9B /* Pods-MemoryMatch.release.xcconfig */ = {isa = PBXFileReference; includeInIndex = 1; lastKnownFileType = text.xcconfig; name = "Pods-MemoryMatch.release.xcconfig"; path = "Pods/Target Support Files/Pods-MemoryMatch/Pods-MemoryMatch.release.xcconfig"; sourceTree = "<group>"; };
		5D42158104CCD2A3554C82AB /* Pods-MemoryMatch.debug.xcconfig */ = {isa = PBXFileReference; includeInIndex = 1; lastKnownFileType = text.xcconfig; name = "Pods-MemoryMatch.debug.xcconfig"; path = "Pods/Target Support Files/Pods-MemoryMatch/Pods-MemoryMatch.debug.xcconfig"; sourceTree = "<group>"; };
		72099204B58DD7830801DC12 /* Pods-MemoryMatchTests.debug.xcconfig */ = {isa = PBXFileReference; includeInIndex = 1; lastKnownFileType = text.xcconfig; name = "Pods-MemoryMatchTests.debug.xcconfig"; path = "Pods/Target Support Files/Pods-MemoryMatchTests/Pods-MemoryMatchTests.debug.xcconfig"; sourceTree = "<group>"; };
		7F290DB8EA97B990E94A49CF /* Pods_MemoryMatchTests.framework */ = {isa = PBXFileReference; explicitFileType = wrapper.framework; includeInIndex = 0; path = Pods_MemoryMatchTests.framework; sourceTree = BUILT_PRODUCTS_DIR; };
		908095662EC2667FF9F6F6AA /* Pods_MemoryMatch.framework */ = {isa = PBXFileReference; explicitFileType = wrapper.framework; includeInIndex = 0; path = Pods_MemoryMatch.framework; sourceTree = BUILT_PRODUCTS_DIR; };
		985744541CE63FC20006D852 /* MemoryMatch.app */ = {isa = PBXFileReference; explicitFileType = wrapper.application; includeInIndex = 0; path = MemoryMatch.app; sourceTree = BUILT_PRODUCTS_DIR; };
		985744571CE63FC30006D852 /* AppDelegate.swift */ = {isa = PBXFileReference; lastKnownFileType = sourcecode.swift; path = AppDelegate.swift; sourceTree = "<group>"; };
		985744591CE63FC30006D852 /* ViewController.swift */ = {isa = PBXFileReference; lastKnownFileType = sourcecode.swift; path = ViewController.swift; sourceTree = "<group>"; };
		9857445C1CE63FC30006D852 /* Base */ = {isa = PBXFileReference; lastKnownFileType = file.storyboard; name = Base; path = Base.lproj/Main.storyboard; sourceTree = "<group>"; };
		9857445F1CE63FC30006D852 /* MemoryMatch.xcdatamodel */ = {isa = PBXFileReference; lastKnownFileType = wrapper.xcdatamodel; path = MemoryMatch.xcdatamodel; sourceTree = "<group>"; };
		985744611CE63FC30006D852 /* Assets.xcassets */ = {isa = PBXFileReference; lastKnownFileType = folder.assetcatalog; path = Assets.xcassets; sourceTree = "<group>"; };
		985744641CE63FC30006D852 /* Base */ = {isa = PBXFileReference; lastKnownFileType = file.storyboard; name = Base; path = Base.lproj/LaunchScreen.storyboard; sourceTree = "<group>"; };
		985744661CE63FC30006D852 /* Info.plist */ = {isa = PBXFileReference; lastKnownFileType = text.plist.xml; path = Info.plist; sourceTree = "<group>"; };
		9857446B1CE63FC30006D852 /* MemoryMatchTests.xctest */ = {isa = PBXFileReference; explicitFileType = wrapper.cfbundle; includeInIndex = 0; path = MemoryMatchTests.xctest; sourceTree = BUILT_PRODUCTS_DIR; };
		9857446F1CE63FC30006D852 /* MemoryMatchTests.swift */ = {isa = PBXFileReference; lastKnownFileType = sourcecode.swift; path = MemoryMatchTests.swift; sourceTree = "<group>"; };
		985744711CE63FC30006D852 /* Info.plist */ = {isa = PBXFileReference; lastKnownFileType = text.plist.xml; path = Info.plist; sourceTree = "<group>"; };
		985744761CE63FC30006D852 /* MemoryMatchUITests.xctest */ = {isa = PBXFileReference; explicitFileType = wrapper.cfbundle; includeInIndex = 0; path = MemoryMatchUITests.xctest; sourceTree = BUILT_PRODUCTS_DIR; };
		9857447A1CE63FC30006D852 /* MemoryMatchUITests.swift */ = {isa = PBXFileReference; lastKnownFileType = sourcecode.swift; path = MemoryMatchUITests.swift; sourceTree = "<group>"; };
		9857447C1CE63FC30006D852 /* Info.plist */ = {isa = PBXFileReference; lastKnownFileType = text.plist.xml; path = Info.plist; sourceTree = "<group>"; };
		985744881CE64A780006D852 /* AnimalViewController.swift */ = {isa = PBXFileReference; fileEncoding = 4; lastKnownFileType = sourcecode.swift; path = AnimalViewController.swift; sourceTree = "<group>"; };
		988CBD961CE6DAFF0092ACFF /* Card.swift */ = {isa = PBXFileReference; fileEncoding = 4; lastKnownFileType = sourcecode.swift; path = Card.swift; sourceTree = "<group>"; };
		98E5676F1CE659850058B56B /* UIViewExtensions.swift */ = {isa = PBXFileReference; fileEncoding = 4; lastKnownFileType = sourcecode.swift; path = UIViewExtensions.swift; sourceTree = "<group>"; };
		A8E594AFA0A0E0784DDC0DA5 /* Pods-MemoryMatchTests.release.xcconfig */ = {isa = PBXFileReference; includeInIndex = 1; lastKnownFileType = text.xcconfig; name = "Pods-MemoryMatchTests.release.xcconfig"; path = "Pods/Target Support Files/Pods-MemoryMatchTests/Pods-MemoryMatchTests.release.xcconfig"; sourceTree = "<group>"; };
		BA766D49318C2BFD450C42EA /* Pods-MemoryMatchUITests.release.xcconfig */ = {isa = PBXFileReference; includeInIndex = 1; lastKnownFileType = text.xcconfig; name = "Pods-MemoryMatchUITests.release.xcconfig"; path = "Pods/Target Support Files/Pods-MemoryMatchUITests/Pods-MemoryMatchUITests.release.xcconfig"; sourceTree = "<group>"; };
		D8AD0E151CEAB3D900E7CADF /* FoodViewController.swift */ = {isa = PBXFileReference; fileEncoding = 4; lastKnownFileType = sourcecode.swift; path = FoodViewController.swift; sourceTree = "<group>"; };
		D8AD0E171CED072900E7CADF /* Alert.swift */ = {isa = PBXFileReference; fileEncoding = 4; lastKnownFileType = sourcecode.swift; path = Alert.swift; sourceTree = "<group>"; };
		D8AD0E1B1CED2DCF00E7CADF /* SeaViewController.swift */ = {isa = PBXFileReference; fileEncoding = 4; lastKnownFileType = sourcecode.swift; path = SeaViewController.swift; sourceTree = "<group>"; };
		D8AD0E1D1CED2E9900E7CADF /* ChristmasViewController.swift */ = {isa = PBXFileReference; fileEncoding = 4; lastKnownFileType = sourcecode.swift; path = ChristmasViewController.swift; sourceTree = "<group>"; };
		D8AD0E201CED6EC400E7CADF /* Pacifico.ttf */ = {isa = PBXFileReference; lastKnownFileType = file; name = Pacifico.ttf; path = ../../Downloads/pacifico/Pacifico.ttf; sourceTree = "<group>"; };
		D8FAC4C91CEE338200007171 /* Comic_White_Rabbit_.otf */ = {isa = PBXFileReference; lastKnownFileType = file; path = Comic_White_Rabbit_.otf; sourceTree = "<group>"; };
/* End PBXFileReference section */

/* Begin PBXFrameworksBuildPhase section */
		985744511CE63FC20006D852 /* Frameworks */ = {
			isa = PBXFrameworksBuildPhase;
			buildActionMask = 2147483647;
			files = (
				38E28D68913AB482DE5B82F9 /* Pods_MemoryMatch.framework in Frameworks */,
			);
			runOnlyForDeploymentPostprocessing = 0;
		};
		985744681CE63FC30006D852 /* Frameworks */ = {
			isa = PBXFrameworksBuildPhase;
			buildActionMask = 2147483647;
			files = (
				5AFE881456024F659F6650E8 /* Pods_MemoryMatchTests.framework in Frameworks */,
			);
			runOnlyForDeploymentPostprocessing = 0;
		};
		985744731CE63FC30006D852 /* Frameworks */ = {
			isa = PBXFrameworksBuildPhase;
			buildActionMask = 2147483647;
			files = (
				0B5D58FEC9A45AAD7F619FDF /* Pods_MemoryMatchUITests.framework in Frameworks */,
			);
			runOnlyForDeploymentPostprocessing = 0;
		};
/* End PBXFrameworksBuildPhase section */

/* Begin PBXGroup section */
		2CD04936B7B50E3723EE220A /* Frameworks */ = {
			isa = PBXGroup;
			children = (
				908095662EC2667FF9F6F6AA /* Pods_MemoryMatch.framework */,
				7F290DB8EA97B990E94A49CF /* Pods_MemoryMatchTests.framework */,
				18DE14909225D1435DBECFB8 /* Pods_MemoryMatchUITests.framework */,
			);
			name = Frameworks;
			sourceTree = "<group>";
		};
		9857444B1CE63FC20006D852 = {
			isa = PBXGroup;
			children = (
				D8AD0E201CED6EC400E7CADF /* Pacifico.ttf */,
				D8FAC4C91CEE338200007171 /* Comic_White_Rabbit_.otf */,
				985744561CE63FC30006D852 /* MemoryMatch */,
				9857446E1CE63FC30006D852 /* MemoryMatchTests */,
				985744791CE63FC30006D852 /* MemoryMatchUITests */,
				985744551CE63FC20006D852 /* Products */,
				BAA01CB0BCC595C8680729D4 /* Pods */,
				2CD04936B7B50E3723EE220A /* Frameworks */,
			);
			sourceTree = "<group>";
		};
		985744551CE63FC20006D852 /* Products */ = {
			isa = PBXGroup;
			children = (
				985744541CE63FC20006D852 /* MemoryMatch.app */,
				9857446B1CE63FC30006D852 /* MemoryMatchTests.xctest */,
				985744761CE63FC30006D852 /* MemoryMatchUITests.xctest */,
			);
			name = Products;
			sourceTree = "<group>";
		};
		985744561CE63FC30006D852 /* MemoryMatch */ = {
			isa = PBXGroup;
			children = (
				D8AD0E1A1CED17CA00E7CADF /* Controllers */,
				D8AD0E191CED17C200E7CADF /* Models */,
				985744571CE63FC30006D852 /* AppDelegate.swift */,
				9857445B1CE63FC30006D852 /* Main.storyboard */,
				985744611CE63FC30006D852 /* Assets.xcassets */,
				985744631CE63FC30006D852 /* LaunchScreen.storyboard */,
				985744661CE63FC30006D852 /* Info.plist */,
				9857445E1CE63FC30006D852 /* MemoryMatch.xcdatamodeld */,
			);
			path = MemoryMatch;
			sourceTree = "<group>";
		};
		9857446E1CE63FC30006D852 /* MemoryMatchTests */ = {
			isa = PBXGroup;
			children = (
				9857446F1CE63FC30006D852 /* MemoryMatchTests.swift */,
				985744711CE63FC30006D852 /* Info.plist */,
			);
			path = MemoryMatchTests;
			sourceTree = "<group>";
		};
		985744791CE63FC30006D852 /* MemoryMatchUITests */ = {
			isa = PBXGroup;
			children = (
				9857447A1CE63FC30006D852 /* MemoryMatchUITests.swift */,
				9857447C1CE63FC30006D852 /* Info.plist */,
			);
			path = MemoryMatchUITests;
			sourceTree = "<group>";
		};
		BAA01CB0BCC595C8680729D4 /* Pods */ = {
			isa = PBXGroup;
			children = (
				5D42158104CCD2A3554C82AB /* Pods-MemoryMatch.debug.xcconfig */,
				59168EEF5B076BBC9FB89C9B /* Pods-MemoryMatch.release.xcconfig */,
				72099204B58DD7830801DC12 /* Pods-MemoryMatchTests.debug.xcconfig */,
				A8E594AFA0A0E0784DDC0DA5 /* Pods-MemoryMatchTests.release.xcconfig */,
				0DE3784B884230F97B1459F1 /* Pods-MemoryMatchUITests.debug.xcconfig */,
				BA766D49318C2BFD450C42EA /* Pods-MemoryMatchUITests.release.xcconfig */,
			);
			name = Pods;
			sourceTree = "<group>";
		};
		D8AD0E191CED17C200E7CADF /* Models */ = {
			isa = PBXGroup;
			children = (
				98E5676F1CE659850058B56B /* UIViewExtensions.swift */,
				988CBD961CE6DAFF0092ACFF /* Card.swift */,
				D8AD0E171CED072900E7CADF /* Alert.swift */,
			);
			name = Models;
			sourceTree = "<group>";
		};
		D8AD0E1A1CED17CA00E7CADF /* Controllers */ = {
			isa = PBXGroup;
			children = (
				985744591CE63FC30006D852 /* ViewController.swift */,
				D8AD0E151CEAB3D900E7CADF /* FoodViewController.swift */,
				985744881CE64A780006D852 /* AnimalViewController.swift */,
				D8AD0E1B1CED2DCF00E7CADF /* SeaViewController.swift */,
				D8AD0E1D1CED2E9900E7CADF /* ChristmasViewController.swift */,
			);
			name = Controllers;
			sourceTree = "<group>";
		};
/* End PBXGroup section */

/* Begin PBXNativeTarget section */
		985744531CE63FC20006D852 /* MemoryMatch */ = {
			isa = PBXNativeTarget;
			buildConfigurationList = 9857447F1CE63FC30006D852 /* Build configuration list for PBXNativeTarget "MemoryMatch" */;
			buildPhases = (
				188E063260F97C1D7AA32CF9 /* 📦 Check Pods Manifest.lock */,
				985744501CE63FC20006D852 /* Sources */,
				985744511CE63FC20006D852 /* Frameworks */,
				985744521CE63FC20006D852 /* Resources */,
				D758B0BE5C3D0D10BEBBE458 /* 📦 Embed Pods Frameworks */,
				1654BBB1984622C2384CF294 /* 📦 Copy Pods Resources */,
			);
			buildRules = (
			);
			dependencies = (
			);
			name = MemoryMatch;
			productName = MemoryMatch;
			productReference = 985744541CE63FC20006D852 /* MemoryMatch.app */;
			productType = "com.apple.product-type.application";
		};
		9857446A1CE63FC30006D852 /* MemoryMatchTests */ = {
			isa = PBXNativeTarget;
			buildConfigurationList = 985744821CE63FC30006D852 /* Build configuration list for PBXNativeTarget "MemoryMatchTests" */;
			buildPhases = (
				6D534B2F0BFF3CA8BF19CD7B /* 📦 Check Pods Manifest.lock */,
				985744671CE63FC30006D852 /* Sources */,
				985744681CE63FC30006D852 /* Frameworks */,
				985744691CE63FC30006D852 /* Resources */,
				CB29A6C7EB87751B17A75EB4 /* 📦 Embed Pods Frameworks */,
				0943D200AB99C7D282319835 /* 📦 Copy Pods Resources */,
			);
			buildRules = (
			);
			dependencies = (
				9857446D1CE63FC30006D852 /* PBXTargetDependency */,
			);
			name = MemoryMatchTests;
			productName = MemoryMatchTests;
			productReference = 9857446B1CE63FC30006D852 /* MemoryMatchTests.xctest */;
			productType = "com.apple.product-type.bundle.unit-test";
		};
		985744751CE63FC30006D852 /* MemoryMatchUITests */ = {
			isa = PBXNativeTarget;
			buildConfigurationList = 985744851CE63FC30006D852 /* Build configuration list for PBXNativeTarget "MemoryMatchUITests" */;
			buildPhases = (
				9062884038ED3FA27BBF8A75 /* 📦 Check Pods Manifest.lock */,
				985744721CE63FC30006D852 /* Sources */,
				985744731CE63FC30006D852 /* Frameworks */,
				985744741CE63FC30006D852 /* Resources */,
				BA53ABA54CD28BA6D7FB75E3 /* 📦 Copy Pods Resources */,
			);
			buildRules = (
			);
			dependencies = (
				985744781CE63FC30006D852 /* PBXTargetDependency */,
			);
			name = MemoryMatchUITests;
			productName = MemoryMatchUITests;
			productReference = 985744761CE63FC30006D852 /* MemoryMatchUITests.xctest */;
			productType = "com.apple.product-type.bundle.ui-testing";
		};
/* End PBXNativeTarget section */

/* Begin PBXProject section */
		9857444C1CE63FC20006D852 /* Project object */ = {
			isa = PBXProject;
			attributes = {
				LastSwiftUpdateCheck = 0730;
				LastUpgradeCheck = 0730;
				ORGANIZATIONNAME = "Lucas Huet-Hudson";
				TargetAttributes = {
					985744531CE63FC20006D852 = {
						CreatedOnToolsVersion = 7.3;
						DevelopmentTeam = VPVYL4N4QR;
					};
					9857446A1CE63FC30006D852 = {
						CreatedOnToolsVersion = 7.3;
						DevelopmentTeam = VPVYL4N4QR;
						TestTargetID = 985744531CE63FC20006D852;
					};
					985744751CE63FC30006D852 = {
						CreatedOnToolsVersion = 7.3;
						DevelopmentTeam = VPVYL4N4QR;
						TestTargetID = 985744531CE63FC20006D852;
					};
				};
			};
			buildConfigurationList = 9857444F1CE63FC20006D852 /* Build configuration list for PBXProject "MemoryMatch" */;
			compatibilityVersion = "Xcode 3.2";
			developmentRegion = English;
			hasScannedForEncodings = 0;
			knownRegions = (
				en,
				Base,
			);
			mainGroup = 9857444B1CE63FC20006D852;
			productRefGroup = 985744551CE63FC20006D852 /* Products */;
			projectDirPath = "";
			projectRoot = "";
			targets = (
				985744531CE63FC20006D852 /* MemoryMatch */,
				9857446A1CE63FC30006D852 /* MemoryMatchTests */,
				985744751CE63FC30006D852 /* MemoryMatchUITests */,
			);
		};
/* End PBXProject section */

/* Begin PBXResourcesBuildPhase section */
		985744521CE63FC20006D852 /* Resources */ = {
			isa = PBXResourcesBuildPhase;
			buildActionMask = 2147483647;
			files = (
				985744651CE63FC30006D852 /* LaunchScreen.storyboard in Resources */,
				985744621CE63FC30006D852 /* Assets.xcassets in Resources */,
				D8FAC4C81CEE331900007171 /* Pacifico.ttf in Resources */,
				9857445D1CE63FC30006D852 /* Main.storyboard in Resources */,
				D8FAC4CA1CEE338200007171 /* Comic_White_Rabbit_.otf in Resources */,
			);
			runOnlyForDeploymentPostprocessing = 0;
		};
		985744691CE63FC30006D852 /* Resources */ = {
			isa = PBXResourcesBuildPhase;
			buildActionMask = 2147483647;
			files = (
			);
			runOnlyForDeploymentPostprocessing = 0;
		};
		985744741CE63FC30006D852 /* Resources */ = {
			isa = PBXResourcesBuildPhase;
			buildActionMask = 2147483647;
			files = (
			);
			runOnlyForDeploymentPostprocessing = 0;
		};
/* End PBXResourcesBuildPhase section */

/* Begin PBXShellScriptBuildPhase section */
		0943D200AB99C7D282319835 /* 📦 Copy Pods Resources */ = {
			isa = PBXShellScriptBuildPhase;
			buildActionMask = 2147483647;
			files = (
			);
			inputPaths = (
			);
			name = "📦 Copy Pods Resources";
			outputPaths = (
			);
			runOnlyForDeploymentPostprocessing = 0;
			shellPath = /bin/sh;
			shellScript = "\"${SRCROOT}/Pods/Target Support Files/Pods-MemoryMatchTests/Pods-MemoryMatchTests-resources.sh\"\n";
			showEnvVarsInLog = 0;
		};
		1654BBB1984622C2384CF294 /* 📦 Copy Pods Resources */ = {
			isa = PBXShellScriptBuildPhase;
			buildActionMask = 2147483647;
			files = (
			);
			inputPaths = (
			);
			name = "📦 Copy Pods Resources";
			outputPaths = (
			);
			runOnlyForDeploymentPostprocessing = 0;
			shellPath = /bin/sh;
			shellScript = "\"${SRCROOT}/Pods/Target Support Files/Pods-MemoryMatch/Pods-MemoryMatch-resources.sh\"\n";
			showEnvVarsInLog = 0;
		};
		188E063260F97C1D7AA32CF9 /* 📦 Check Pods Manifest.lock */ = {
			isa = PBXShellScriptBuildPhase;
			buildActionMask = 2147483647;
			files = (
			);
			inputPaths = (
			);
			name = "📦 Check Pods Manifest.lock";
			outputPaths = (
			);
			runOnlyForDeploymentPostprocessing = 0;
			shellPath = /bin/sh;
			shellScript = "diff \"${PODS_ROOT}/../Podfile.lock\" \"${PODS_ROOT}/Manifest.lock\" > /dev/null\nif [[ $? != 0 ]] ; then\n    cat << EOM\nerror: The sandbox is not in sync with the Podfile.lock. Run 'pod install' or update your CocoaPods installation.\nEOM\n    exit 1\nfi\n";
			showEnvVarsInLog = 0;
		};
		6D534B2F0BFF3CA8BF19CD7B /* 📦 Check Pods Manifest.lock */ = {
			isa = PBXShellScriptBuildPhase;
			buildActionMask = 2147483647;
			files = (
			);
			inputPaths = (
			);
			name = "📦 Check Pods Manifest.lock";
			outputPaths = (
			);
			runOnlyForDeploymentPostprocessing = 0;
			shellPath = /bin/sh;
			shellScript = "diff \"${PODS_ROOT}/../Podfile.lock\" \"${PODS_ROOT}/Manifest.lock\" > /dev/null\nif [[ $? != 0 ]] ; then\n    cat << EOM\nerror: The sandbox is not in sync with the Podfile.lock. Run 'pod install' or update your CocoaPods installation.\nEOM\n    exit 1\nfi\n";
			showEnvVarsInLog = 0;
		};
		9062884038ED3FA27BBF8A75 /* 📦 Check Pods Manifest.lock */ = {
			isa = PBXShellScriptBuildPhase;
			buildActionMask = 2147483647;
			files = (
			);
			inputPaths = (
			);
			name = "📦 Check Pods Manifest.lock";
			outputPaths = (
			);
			runOnlyForDeploymentPostprocessing = 0;
			shellPath = /bin/sh;
			shellScript = "diff \"${PODS_ROOT}/../Podfile.lock\" \"${PODS_ROOT}/Manifest.lock\" > /dev/null\nif [[ $? != 0 ]] ; then\n    cat << EOM\nerror: The sandbox is not in sync with the Podfile.lock. Run 'pod install' or update your CocoaPods installation.\nEOM\n    exit 1\nfi\n";
			showEnvVarsInLog = 0;
		};
		BA53ABA54CD28BA6D7FB75E3 /* 📦 Copy Pods Resources */ = {
			isa = PBXShellScriptBuildPhase;
			buildActionMask = 2147483647;
			files = (
			);
			inputPaths = (
			);
			name = "📦 Copy Pods Resources";
			outputPaths = (
			);
			runOnlyForDeploymentPostprocessing = 0;
			shellPath = /bin/sh;
			shellScript = "\"${SRCROOT}/Pods/Target Support Files/Pods-MemoryMatchUITests/Pods-MemoryMatchUITests-resources.sh\"\n";
			showEnvVarsInLog = 0;
		};
		CB29A6C7EB87751B17A75EB4 /* 📦 Embed Pods Frameworks */ = {
			isa = PBXShellScriptBuildPhase;
			buildActionMask = 2147483647;
			files = (
			);
			inputPaths = (
			);
			name = "📦 Embed Pods Frameworks";
			outputPaths = (
			);
			runOnlyForDeploymentPostprocessing = 0;
			shellPath = /bin/sh;
			shellScript = "\"${SRCROOT}/Pods/Target Support Files/Pods-MemoryMatchTests/Pods-MemoryMatchTests-frameworks.sh\"\n";
			showEnvVarsInLog = 0;
		};
		D758B0BE5C3D0D10BEBBE458 /* 📦 Embed Pods Frameworks */ = {
			isa = PBXShellScriptBuildPhase;
			buildActionMask = 2147483647;
			files = (
			);
			inputPaths = (
			);
			name = "📦 Embed Pods Frameworks";
			outputPaths = (
			);
			runOnlyForDeploymentPostprocessing = 0;
			shellPath = /bin/sh;
			shellScript = "\"${SRCROOT}/Pods/Target Support Files/Pods-MemoryMatch/Pods-MemoryMatch-frameworks.sh\"\n";
			showEnvVarsInLog = 0;
		};
/* End PBXShellScriptBuildPhase section */

/* Begin PBXSourcesBuildPhase section */
		985744501CE63FC20006D852 /* Sources */ = {
			isa = PBXSourcesBuildPhase;
			buildActionMask = 2147483647;
			files = (
				985744601CE63FC30006D852 /* MemoryMatch.xcdatamodeld in Sources */,
				D8AD0E1C1CED2DCF00E7CADF /* SeaViewController.swift in Sources */,
				D8AD0E161CEAB3D900E7CADF /* FoodViewController.swift in Sources */,
				988CBD971CE6DAFF0092ACFF /* Card.swift in Sources */,
				98E567701CE659850058B56B /* UIViewExtensions.swift in Sources */,
				D8AD0E1E1CED2E9900E7CADF /* ChristmasViewController.swift in Sources */,
				985744891CE64A780006D852 /* AnimalViewController.swift in Sources */,
				9857445A1CE63FC30006D852 /* ViewController.swift in Sources */,
				D8AD0E181CED072900E7CADF /* Alert.swift in Sources */,
				985744581CE63FC30006D852 /* AppDelegate.swift in Sources */,
			);
			runOnlyForDeploymentPostprocessing = 0;
		};
		985744671CE63FC30006D852 /* Sources */ = {
			isa = PBXSourcesBuildPhase;
			buildActionMask = 2147483647;
			files = (
				985744701CE63FC30006D852 /* MemoryMatchTests.swift in Sources */,
			);
			runOnlyForDeploymentPostprocessing = 0;
		};
		985744721CE63FC30006D852 /* Sources */ = {
			isa = PBXSourcesBuildPhase;
			buildActionMask = 2147483647;
			files = (
				9857447B1CE63FC30006D852 /* MemoryMatchUITests.swift in Sources */,
			);
			runOnlyForDeploymentPostprocessing = 0;
		};
/* End PBXSourcesBuildPhase section */

/* Begin PBXTargetDependency section */
		9857446D1CE63FC30006D852 /* PBXTargetDependency */ = {
			isa = PBXTargetDependency;
			target = 985744531CE63FC20006D852 /* MemoryMatch */;
			targetProxy = 9857446C1CE63FC30006D852 /* PBXContainerItemProxy */;
		};
		985744781CE63FC30006D852 /* PBXTargetDependency */ = {
			isa = PBXTargetDependency;
			target = 985744531CE63FC20006D852 /* MemoryMatch */;
			targetProxy = 985744771CE63FC30006D852 /* PBXContainerItemProxy */;
		};
/* End PBXTargetDependency section */

/* Begin PBXVariantGroup section */
		9857445B1CE63FC30006D852 /* Main.storyboard */ = {
			isa = PBXVariantGroup;
			children = (
				9857445C1CE63FC30006D852 /* Base */,
			);
			name = Main.storyboard;
			sourceTree = "<group>";
		};
		985744631CE63FC30006D852 /* LaunchScreen.storyboard */ = {
			isa = PBXVariantGroup;
			children = (
				985744641CE63FC30006D852 /* Base */,
			);
			name = LaunchScreen.storyboard;
			sourceTree = "<group>";
		};
/* End PBXVariantGroup section */

/* Begin XCBuildConfiguration section */
		9857447D1CE63FC30006D852 /* Debug */ = {
			isa = XCBuildConfiguration;
			buildSettings = {
				ALWAYS_SEARCH_USER_PATHS = NO;
				CLANG_ANALYZER_NONNULL = YES;
				CLANG_CXX_LANGUAGE_STANDARD = "gnu++0x";
				CLANG_CXX_LIBRARY = "libc++";
				CLANG_ENABLE_MODULES = YES;
				CLANG_ENABLE_OBJC_ARC = YES;
				CLANG_WARN_BOOL_CONVERSION = YES;
				CLANG_WARN_CONSTANT_CONVERSION = YES;
				CLANG_WARN_DIRECT_OBJC_ISA_USAGE = YES_ERROR;
				CLANG_WARN_EMPTY_BODY = YES;
				CLANG_WARN_ENUM_CONVERSION = YES;
				CLANG_WARN_INT_CONVERSION = YES;
				CLANG_WARN_OBJC_ROOT_CLASS = YES_ERROR;
				CLANG_WARN_UNREACHABLE_CODE = YES;
				CLANG_WARN__DUPLICATE_METHOD_MATCH = YES;
				"CODE_SIGN_IDENTITY[sdk=iphoneos*]" = "iPhone Developer";
				COPY_PHASE_STRIP = NO;
				DEBUG_INFORMATION_FORMAT = dwarf;
				ENABLE_STRICT_OBJC_MSGSEND = YES;
				ENABLE_TESTABILITY = YES;
				GCC_C_LANGUAGE_STANDARD = gnu99;
				GCC_DYNAMIC_NO_PIC = NO;
				GCC_NO_COMMON_BLOCKS = YES;
				GCC_OPTIMIZATION_LEVEL = 0;
				GCC_PREPROCESSOR_DEFINITIONS = (
					"DEBUG=1",
					"$(inherited)",
				);
				GCC_WARN_64_TO_32_BIT_CONVERSION = YES;
				GCC_WARN_ABOUT_RETURN_TYPE = YES_ERROR;
				GCC_WARN_UNDECLARED_SELECTOR = YES;
				GCC_WARN_UNINITIALIZED_AUTOS = YES_AGGRESSIVE;
				GCC_WARN_UNUSED_FUNCTION = YES;
				GCC_WARN_UNUSED_VARIABLE = YES;
				IPHONEOS_DEPLOYMENT_TARGET = 9.3;
				MTL_ENABLE_DEBUG_INFO = YES;
				ONLY_ACTIVE_ARCH = YES;
				SDKROOT = iphoneos;
				SWIFT_OPTIMIZATION_LEVEL = "-Onone";
				TARGETED_DEVICE_FAMILY = "1,2";
			};
			name = Debug;
		};
		9857447E1CE63FC30006D852 /* Release */ = {
			isa = XCBuildConfiguration;
			buildSettings = {
				ALWAYS_SEARCH_USER_PATHS = NO;
				CLANG_ANALYZER_NONNULL = YES;
				CLANG_CXX_LANGUAGE_STANDARD = "gnu++0x";
				CLANG_CXX_LIBRARY = "libc++";
				CLANG_ENABLE_MODULES = YES;
				CLANG_ENABLE_OBJC_ARC = YES;
				CLANG_WARN_BOOL_CONVERSION = YES;
				CLANG_WARN_CONSTANT_CONVERSION = YES;
				CLANG_WARN_DIRECT_OBJC_ISA_USAGE = YES_ERROR;
				CLANG_WARN_EMPTY_BODY = YES;
				CLANG_WARN_ENUM_CONVERSION = YES;
				CLANG_WARN_INT_CONVERSION = YES;
				CLANG_WARN_OBJC_ROOT_CLASS = YES_ERROR;
				CLANG_WARN_UNREACHABLE_CODE = YES;
				CLANG_WARN__DUPLICATE_METHOD_MATCH = YES;
				"CODE_SIGN_IDENTITY[sdk=iphoneos*]" = "iPhone Developer";
				COPY_PHASE_STRIP = NO;
				DEBUG_INFORMATION_FORMAT = "dwarf-with-dsym";
				ENABLE_NS_ASSERTIONS = NO;
				ENABLE_STRICT_OBJC_MSGSEND = YES;
				GCC_C_LANGUAGE_STANDARD = gnu99;
				GCC_NO_COMMON_BLOCKS = YES;
				GCC_WARN_64_TO_32_BIT_CONVERSION = YES;
				GCC_WARN_ABOUT_RETURN_TYPE = YES_ERROR;
				GCC_WARN_UNDECLARED_SELECTOR = YES;
				GCC_WARN_UNINITIALIZED_AUTOS = YES_AGGRESSIVE;
				GCC_WARN_UNUSED_FUNCTION = YES;
				GCC_WARN_UNUSED_VARIABLE = YES;
				IPHONEOS_DEPLOYMENT_TARGET = 9.3;
				MTL_ENABLE_DEBUG_INFO = NO;
				SDKROOT = iphoneos;
				TARGETED_DEVICE_FAMILY = "1,2";
				VALIDATE_PRODUCT = YES;
			};
			name = Release;
		};
		985744801CE63FC30006D852 /* Debug */ = {
			isa = XCBuildConfiguration;
			baseConfigurationReference = 5D42158104CCD2A3554C82AB /* Pods-MemoryMatch.debug.xcconfig */;
			buildSettings = {
				ASSETCATALOG_COMPILER_APPICON_NAME = AppIcon;
				INFOPLIST_FILE = MemoryMatch/Info.plist;
				LD_RUNPATH_SEARCH_PATHS = "$(inherited) @executable_path/Frameworks";
				PRODUCT_BUNDLE_IDENTIFIER = Me.MemoryMatch;
				PRODUCT_NAME = "$(TARGET_NAME)";
			};
			name = Debug;
		};
		985744811CE63FC30006D852 /* Release */ = {
			isa = XCBuildConfiguration;
			baseConfigurationReference = 59168EEF5B076BBC9FB89C9B /* Pods-MemoryMatch.release.xcconfig */;
			buildSettings = {
				ASSETCATALOG_COMPILER_APPICON_NAME = AppIcon;
				INFOPLIST_FILE = MemoryMatch/Info.plist;
				LD_RUNPATH_SEARCH_PATHS = "$(inherited) @executable_path/Frameworks";
				PRODUCT_BUNDLE_IDENTIFIER = Me.MemoryMatch;
				PRODUCT_NAME = "$(TARGET_NAME)";
			};
			name = Release;
		};
		985744831CE63FC30006D852 /* Debug */ = {
			isa = XCBuildConfiguration;
			baseConfigurationReference = 72099204B58DD7830801DC12 /* Pods-MemoryMatchTests.debug.xcconfig */;
			buildSettings = {
				BUNDLE_LOADER = "$(TEST_HOST)";
				INFOPLIST_FILE = MemoryMatchTests/Info.plist;
				LD_RUNPATH_SEARCH_PATHS = "$(inherited) @executable_path/Frameworks @loader_path/Frameworks";
				PRODUCT_BUNDLE_IDENTIFIER = Me.MemoryMatchTests;
				PRODUCT_NAME = "$(TARGET_NAME)";
				TEST_HOST = "$(BUILT_PRODUCTS_DIR)/MemoryMatch.app/MemoryMatch";
			};
			name = Debug;
		};
		985744841CE63FC30006D852 /* Release */ = {
			isa = XCBuildConfiguration;
			baseConfigurationReference = A8E594AFA0A0E0784DDC0DA5 /* Pods-MemoryMatchTests.release.xcconfig */;
			buildSettings = {
				BUNDLE_LOADER = "$(TEST_HOST)";
				INFOPLIST_FILE = MemoryMatchTests/Info.plist;
				LD_RUNPATH_SEARCH_PATHS = "$(inherited) @executable_path/Frameworks @loader_path/Frameworks";
				PRODUCT_BUNDLE_IDENTIFIER = Me.MemoryMatchTests;
				PRODUCT_NAME = "$(TARGET_NAME)";
				TEST_HOST = "$(BUILT_PRODUCTS_DIR)/MemoryMatch.app/MemoryMatch";
			};
			name = Release;
		};
		985744861CE63FC30006D852 /* Debug */ = {
			isa = XCBuildConfiguration;
			baseConfigurationReference = 0DE3784B884230F97B1459F1 /* Pods-MemoryMatchUITests.debug.xcconfig */;
			buildSettings = {
				INFOPLIST_FILE = MemoryMatchUITests/Info.plist;
				LD_RUNPATH_SEARCH_PATHS = "$(inherited) @executable_path/Frameworks @loader_path/Frameworks";
				PRODUCT_BUNDLE_IDENTIFIER = Me.MemoryMatchUITests;
				PRODUCT_NAME = "$(TARGET_NAME)";
				TEST_TARGET_NAME = MemoryMatch;
			};
			name = Debug;
		};
		985744871CE63FC30006D852 /* Release */ = {
			isa = XCBuildConfiguration;
			baseConfigurationReference = BA766D49318C2BFD450C42EA /* Pods-MemoryMatchUITests.release.xcconfig */;
			buildSettings = {
				INFOPLIST_FILE = MemoryMatchUITests/Info.plist;
				LD_RUNPATH_SEARCH_PATHS = "$(inherited) @executable_path/Frameworks @loader_path/Frameworks";
				PRODUCT_BUNDLE_IDENTIFIER = Me.MemoryMatchUITests;
				PRODUCT_NAME = "$(TARGET_NAME)";
				TEST_TARGET_NAME = MemoryMatch;
			};
			name = Release;
		};
/* End XCBuildConfiguration section */

/* Begin XCConfigurationList section */
		9857444F1CE63FC20006D852 /* Build configuration list for PBXProject "MemoryMatch" */ = {
			isa = XCConfigurationList;
			buildConfigurations = (
				9857447D1CE63FC30006D852 /* Debug */,
				9857447E1CE63FC30006D852 /* Release */,
			);
			defaultConfigurationIsVisible = 0;
			defaultConfigurationName = Release;
		};
		9857447F1CE63FC30006D852 /* Build configuration list for PBXNativeTarget "MemoryMatch" */ = {
			isa = XCConfigurationList;
			buildConfigurations = (
				985744801CE63FC30006D852 /* Debug */,
				985744811CE63FC30006D852 /* Release */,
			);
			defaultConfigurationIsVisible = 0;
			defaultConfigurationName = Release;
		};
		985744821CE63FC30006D852 /* Build configuration list for PBXNativeTarget "MemoryMatchTests" */ = {
			isa = XCConfigurationList;
			buildConfigurations = (
				985744831CE63FC30006D852 /* Debug */,
				985744841CE63FC30006D852 /* Release */,
			);
			defaultConfigurationIsVisible = 0;
			defaultConfigurationName = Release;
		};
		985744851CE63FC30006D852 /* Build configuration list for PBXNativeTarget "MemoryMatchUITests" */ = {
			isa = XCConfigurationList;
			buildConfigurations = (
				985744861CE63FC30006D852 /* Debug */,
				985744871CE63FC30006D852 /* Release */,
			);
			defaultConfigurationIsVisible = 0;
			defaultConfigurationName = Release;
		};
/* End XCConfigurationList section */

/* Begin XCVersionGroup section */
		9857445E1CE63FC30006D852 /* MemoryMatch.xcdatamodeld */ = {
			isa = XCVersionGroup;
			children = (
				9857445F1CE63FC30006D852 /* MemoryMatch.xcdatamodel */,
			);
			currentVersion = 9857445F1CE63FC30006D852 /* MemoryMatch.xcdatamodel */;
			path = MemoryMatch.xcdatamodeld;
			sourceTree = "<group>";
			versionGroupType = wrapper.xcdatamodel;
		};
/* End XCVersionGroup section */
	};
	rootObject = 9857444C1CE63FC20006D852 /* Project object */;
}
